// !$*UTF8*$!
{
	archiveVersion = 1;
	classes = {
	};
	objectVersion = 56;
	objects = {

/* Begin PBXBuildFile section */
		A261169E29E3F06400064284 /* WhisperApp.swift in Sources */ = {isa = PBXBuildFile; fileRef = A261169D29E3F06400064284 /* WhisperApp.swift */; };
		A26116A029E3F06400064284 /* ContentView.swift in Sources */ = {isa = PBXBuildFile; fileRef = A261169F29E3F06400064284 /* ContentView.swift */; };
		A26116A229E3F06500064284 /* Assets.xcassets in Resources */ = {isa = PBXBuildFile; fileRef = A26116A129E3F06500064284 /* Assets.xcassets */; };
		A26116A529E3F06500064284 /* Preview Assets.xcassets in Resources */ = {isa = PBXBuildFile; fileRef = A26116A429E3F06500064284 /* Preview Assets.xcassets */; };
		A26116A729E3F06500064284 /* Persistence.swift in Sources */ = {isa = PBXBuildFile; fileRef = A26116A629E3F06500064284 /* Persistence.swift */; };
		A26116AA29E3F06500064284 /* Whisper.xcdatamodeld in Sources */ = {isa = PBXBuildFile; fileRef = A26116A829E3F06500064284 /* Whisper.xcdatamodeld */; };
		A26116B529E3F06500064284 /* WhisperTests.swift in Sources */ = {isa = PBXBuildFile; fileRef = A26116B429E3F06500064284 /* WhisperTests.swift */; };
		A26116BF29E3F06600064284 /* WhisperUITests.swift in Sources */ = {isa = PBXBuildFile; fileRef = A26116BE29E3F06600064284 /* WhisperUITests.swift */; };
		A26116C129E3F06600064284 /* WhisperUITestsLaunchTests.swift in Sources */ = {isa = PBXBuildFile; fileRef = A26116C029E3F06600064284 /* WhisperUITestsLaunchTests.swift */; };
/* End PBXBuildFile section */

/* Begin PBXContainerItemProxy section */
		A26116B129E3F06500064284 /* PBXContainerItemProxy */ = {
			isa = PBXContainerItemProxy;
			containerPortal = A261169229E3F06400064284 /* Project object */;
			proxyType = 1;
			remoteGlobalIDString = A261169929E3F06400064284;
			remoteInfo = Whisper;
		};
		A26116BB29E3F06600064284 /* PBXContainerItemProxy */ = {
			isa = PBXContainerItemProxy;
			containerPortal = A261169229E3F06400064284 /* Project object */;
			proxyType = 1;
			remoteGlobalIDString = A261169929E3F06400064284;
			remoteInfo = Whisper;
		};
/* End PBXContainerItemProxy section */

/* Begin PBXFileReference section */
		A261169A29E3F06400064284 /* Whisper.app */ = {isa = PBXFileReference; explicitFileType = wrapper.application; includeInIndex = 0; path = Whisper.app; sourceTree = BUILT_PRODUCTS_DIR; };
		A261169D29E3F06400064284 /* WhisperApp.swift */ = {isa = PBXFileReference; lastKnownFileType = sourcecode.swift; path = WhisperApp.swift; sourceTree = "<group>"; };
		A261169F29E3F06400064284 /* ContentView.swift */ = {isa = PBXFileReference; lastKnownFileType = sourcecode.swift; path = ContentView.swift; sourceTree = "<group>"; };
		A26116A129E3F06500064284 /* Assets.xcassets */ = {isa = PBXFileReference; lastKnownFileType = folder.assetcatalog; path = Assets.xcassets; sourceTree = "<group>"; };
		A26116A429E3F06500064284 /* Preview Assets.xcassets */ = {isa = PBXFileReference; lastKnownFileType = folder.assetcatalog; path = "Preview Assets.xcassets"; sourceTree = "<group>"; };
		A26116A629E3F06500064284 /* Persistence.swift */ = {isa = PBXFileReference; lastKnownFileType = sourcecode.swift; path = Persistence.swift; sourceTree = "<group>"; };
		A26116A929E3F06500064284 /* Whisper.xcdatamodel */ = {isa = PBXFileReference; lastKnownFileType = wrapper.xcdatamodel; path = Whisper.xcdatamodel; sourceTree = "<group>"; };
		A26116AB29E3F06500064284 /* Info.plist */ = {isa = PBXFileReference; lastKnownFileType = text.plist.xml; path = Info.plist; sourceTree = "<group>"; };
		A26116B029E3F06500064284 /* WhisperTests.xctest */ = {isa = PBXFileReference; explicitFileType = wrapper.cfbundle; includeInIndex = 0; path = WhisperTests.xctest; sourceTree = BUILT_PRODUCTS_DIR; };
		A26116B429E3F06500064284 /* WhisperTests.swift */ = {isa = PBXFileReference; lastKnownFileType = sourcecode.swift; path = WhisperTests.swift; sourceTree = "<group>"; };
		A26116BA29E3F06600064284 /* WhisperUITests.xctest */ = {isa = PBXFileReference; explicitFileType = wrapper.cfbundle; includeInIndex = 0; path = WhisperUITests.xctest; sourceTree = BUILT_PRODUCTS_DIR; };
		A26116BE29E3F06600064284 /* WhisperUITests.swift */ = {isa = PBXFileReference; lastKnownFileType = sourcecode.swift; path = WhisperUITests.swift; sourceTree = "<group>"; };
		A26116C029E3F06600064284 /* WhisperUITestsLaunchTests.swift */ = {isa = PBXFileReference; lastKnownFileType = sourcecode.swift; path = WhisperUITestsLaunchTests.swift; sourceTree = "<group>"; };
/* End PBXFileReference section */

/* Begin PBXFrameworksBuildPhase section */
		A261169729E3F06400064284 /* Frameworks */ = {
			isa = PBXFrameworksBuildPhase;
			buildActionMask = 2147483647;
			files = (
			);
			runOnlyForDeploymentPostprocessing = 0;
		};
		A26116AD29E3F06500064284 /* Frameworks */ = {
			isa = PBXFrameworksBuildPhase;
			buildActionMask = 2147483647;
			files = (
			);
			runOnlyForDeploymentPostprocessing = 0;
		};
		A26116B729E3F06600064284 /* Frameworks */ = {
			isa = PBXFrameworksBuildPhase;
			buildActionMask = 2147483647;
			files = (
			);
			runOnlyForDeploymentPostprocessing = 0;
		};
/* End PBXFrameworksBuildPhase section */

/* Begin PBXGroup section */
		A261169129E3F06400064284 = {
			isa = PBXGroup;
			children = (
				A261169C29E3F06400064284 /* Whisper */,
				A26116B329E3F06500064284 /* WhisperTests */,
				A26116BD29E3F06600064284 /* WhisperUITests */,
				A261169B29E3F06400064284 /* Products */,
			);
			sourceTree = "<group>";
		};
		A261169B29E3F06400064284 /* Products */ = {
			isa = PBXGroup;
			children = (
				A261169A29E3F06400064284 /* Whisper.app */,
				A26116B029E3F06500064284 /* WhisperTests.xctest */,
				A26116BA29E3F06600064284 /* WhisperUITests.xctest */,
			);
			name = Products;
			sourceTree = "<group>";
		};
		A261169C29E3F06400064284 /* Whisper */ = {
			isa = PBXGroup;
			children = (
				A261169D29E3F06400064284 /* WhisperApp.swift */,
				A261169F29E3F06400064284 /* ContentView.swift */,
				A26116A129E3F06500064284 /* Assets.xcassets */,
				A26116A629E3F06500064284 /* Persistence.swift */,
				A26116AB29E3F06500064284 /* Info.plist */,
				A26116A829E3F06500064284 /* Whisper.xcdatamodeld */,
				A26116A329E3F06500064284 /* Preview Content */,
			);
			path = Whisper;
			sourceTree = "<group>";
		};
		A26116A329E3F06500064284 /* Preview Content */ = {
			isa = PBXGroup;
			children = (
				A26116A429E3F06500064284 /* Preview Assets.xcassets */,
			);
			path = "Preview Content";
			sourceTree = "<group>";
		};
		A26116B329E3F06500064284 /* WhisperTests */ = {
			isa = PBXGroup;
			children = (
				A26116B429E3F06500064284 /* WhisperTests.swift */,
			);
			path = WhisperTests;
			sourceTree = "<group>";
		};
		A26116BD29E3F06600064284 /* WhisperUITests */ = {
			isa = PBXGroup;
			children = (
				A26116BE29E3F06600064284 /* WhisperUITests.swift */,
				A26116C029E3F06600064284 /* WhisperUITestsLaunchTests.swift */,
			);
			path = WhisperUITests;
			sourceTree = "<group>";
		};
/* End PBXGroup section */

/* Begin PBXNativeTarget section */
		A261169929E3F06400064284 /* Whisper */ = {
			isa = PBXNativeTarget;
			buildConfigurationList = A26116C429E3F06600064284 /* Build configuration list for PBXNativeTarget "Whisper" */;
			buildPhases = (
				A261169629E3F06400064284 /* Sources */,
				A261169729E3F06400064284 /* Frameworks */,
				A261169829E3F06400064284 /* Resources */,
			);
			buildRules = (
			);
			dependencies = (
			);
			name = Whisper;
			productName = Whisper;
			productReference = A261169A29E3F06400064284 /* Whisper.app */;
			productType = "com.apple.product-type.application";
		};
		A26116AF29E3F06500064284 /* WhisperTests */ = {
			isa = PBXNativeTarget;
			buildConfigurationList = A26116C729E3F06600064284 /* Build configuration list for PBXNativeTarget "WhisperTests" */;
			buildPhases = (
				A26116AC29E3F06500064284 /* Sources */,
				A26116AD29E3F06500064284 /* Frameworks */,
				A26116AE29E3F06500064284 /* Resources */,
			);
			buildRules = (
			);
			dependencies = (
				A26116B229E3F06500064284 /* PBXTargetDependency */,
			);
			name = WhisperTests;
			productName = WhisperTests;
			productReference = A26116B029E3F06500064284 /* WhisperTests.xctest */;
			productType = "com.apple.product-type.bundle.unit-test";
		};
		A26116B929E3F06600064284 /* WhisperUITests */ = {
			isa = PBXNativeTarget;
			buildConfigurationList = A26116CA29E3F06600064284 /* Build configuration list for PBXNativeTarget "WhisperUITests" */;
			buildPhases = (
				A26116B629E3F06600064284 /* Sources */,
				A26116B729E3F06600064284 /* Frameworks */,
				A26116B829E3F06600064284 /* Resources */,
			);
			buildRules = (
			);
			dependencies = (
				A26116BC29E3F06600064284 /* PBXTargetDependency */,
			);
			name = WhisperUITests;
			productName = WhisperUITests;
			productReference = A26116BA29E3F06600064284 /* WhisperUITests.xctest */;
			productType = "com.apple.product-type.bundle.ui-testing";
		};
/* End PBXNativeTarget section */

/* Begin PBXProject section */
		A261169229E3F06400064284 /* Project object */ = {
			isa = PBXProject;
			attributes = {
				BuildIndependentTargetsInParallel = 1;
				LastSwiftUpdateCheck = 1430;
				LastUpgradeCheck = 1430;
				TargetAttributes = {
					A261169929E3F06400064284 = {
						CreatedOnToolsVersion = 14.3;
					};
					A26116AF29E3F06500064284 = {
						CreatedOnToolsVersion = 14.3;
						TestTargetID = A261169929E3F06400064284;
					};
					A26116B929E3F06600064284 = {
						CreatedOnToolsVersion = 14.3;
						TestTargetID = A261169929E3F06400064284;
					};
				};
			};
			buildConfigurationList = A261169529E3F06400064284 /* Build configuration list for PBXProject "Whisper" */;
			compatibilityVersion = "Xcode 14.0";
			developmentRegion = en;
			hasScannedForEncodings = 0;
			knownRegions = (
				en,
				Base,
			);
			mainGroup = A261169129E3F06400064284;
			productRefGroup = A261169B29E3F06400064284 /* Products */;
			projectDirPath = "";
			projectRoot = "";
			targets = (
				A261169929E3F06400064284 /* Whisper */,
				A26116AF29E3F06500064284 /* WhisperTests */,
				A26116B929E3F06600064284 /* WhisperUITests */,
			);
		};
/* End PBXProject section */

/* Begin PBXResourcesBuildPhase section */
		A261169829E3F06400064284 /* Resources */ = {
			isa = PBXResourcesBuildPhase;
			buildActionMask = 2147483647;
			files = (
				A26116A529E3F06500064284 /* Preview Assets.xcassets in Resources */,
				A26116A229E3F06500064284 /* Assets.xcassets in Resources */,
			);
			runOnlyForDeploymentPostprocessing = 0;
		};
		A26116AE29E3F06500064284 /* Resources */ = {
			isa = PBXResourcesBuildPhase;
			buildActionMask = 2147483647;
			files = (
			);
			runOnlyForDeploymentPostprocessing = 0;
		};
		A26116B829E3F06600064284 /* Resources */ = {
			isa = PBXResourcesBuildPhase;
			buildActionMask = 2147483647;
			files = (
			);
			runOnlyForDeploymentPostprocessing = 0;
		};
/* End PBXResourcesBuildPhase section */

/* Begin PBXSourcesBuildPhase section */
		A261169629E3F06400064284 /* Sources */ = {
			isa = PBXSourcesBuildPhase;
			buildActionMask = 2147483647;
			files = (
				A26116A729E3F06500064284 /* Persistence.swift in Sources */,
				A26116A029E3F06400064284 /* ContentView.swift in Sources */,
				A26116AA29E3F06500064284 /* Whisper.xcdatamodeld in Sources */,
				A261169E29E3F06400064284 /* WhisperApp.swift in Sources */,
			);
			runOnlyForDeploymentPostprocessing = 0;
		};
		A26116AC29E3F06500064284 /* Sources */ = {
			isa = PBXSourcesBuildPhase;
			buildActionMask = 2147483647;
			files = (
				A26116B529E3F06500064284 /* WhisperTests.swift in Sources */,
			);
			runOnlyForDeploymentPostprocessing = 0;
		};
		A26116B629E3F06600064284 /* Sources */ = {
			isa = PBXSourcesBuildPhase;
			buildActionMask = 2147483647;
			files = (
				A26116BF29E3F06600064284 /* WhisperUITests.swift in Sources */,
				A26116C129E3F06600064284 /* WhisperUITestsLaunchTests.swift in Sources */,
			);
			runOnlyForDeploymentPostprocessing = 0;
		};
/* End PBXSourcesBuildPhase section */

/* Begin PBXTargetDependency section */
		A26116B229E3F06500064284 /* PBXTargetDependency */ = {
			isa = PBXTargetDependency;
			target = A261169929E3F06400064284 /* Whisper */;
			targetProxy = A26116B129E3F06500064284 /* PBXContainerItemProxy */;
		};
		A26116BC29E3F06600064284 /* PBXTargetDependency */ = {
			isa = PBXTargetDependency;
			target = A261169929E3F06400064284 /* Whisper */;
			targetProxy = A26116BB29E3F06600064284 /* PBXContainerItemProxy */;
		};
/* End PBXTargetDependency section */

/* Begin XCBuildConfiguration section */
		A26116C229E3F06600064284 /* Debug */ = {
			isa = XCBuildConfiguration;
			buildSettings = {
				ALWAYS_SEARCH_USER_PATHS = NO;
				CLANG_ANALYZER_NONNULL = YES;
				CLANG_ANALYZER_NUMBER_OBJECT_CONVERSION = YES_AGGRESSIVE;
				CLANG_CXX_LANGUAGE_STANDARD = "gnu++20";
				CLANG_ENABLE_MODULES = YES;
				CLANG_ENABLE_OBJC_ARC = YES;
				CLANG_ENABLE_OBJC_WEAK = YES;
				CLANG_WARN_BLOCK_CAPTURE_AUTORELEASING = YES;
				CLANG_WARN_BOOL_CONVERSION = YES;
				CLANG_WARN_COMMA = YES;
				CLANG_WARN_CONSTANT_CONVERSION = YES;
				CLANG_WARN_DEPRECATED_OBJC_IMPLEMENTATIONS = YES;
				CLANG_WARN_DIRECT_OBJC_ISA_USAGE = YES_ERROR;
				CLANG_WARN_DOCUMENTATION_COMMENTS = YES;
				CLANG_WARN_EMPTY_BODY = YES;
				CLANG_WARN_ENUM_CONVERSION = YES;
				CLANG_WARN_INFINITE_RECURSION = YES;
				CLANG_WARN_INT_CONVERSION = YES;
				CLANG_WARN_NON_LITERAL_NULL_CONVERSION = YES;
				CLANG_WARN_OBJC_IMPLICIT_RETAIN_SELF = YES;
				CLANG_WARN_OBJC_LITERAL_CONVERSION = YES;
				CLANG_WARN_OBJC_ROOT_CLASS = YES_ERROR;
				CLANG_WARN_QUOTED_INCLUDE_IN_FRAMEWORK_HEADER = YES;
				CLANG_WARN_RANGE_LOOP_ANALYSIS = YES;
				CLANG_WARN_STRICT_PROTOTYPES = YES;
				CLANG_WARN_SUSPICIOUS_MOVE = YES;
				CLANG_WARN_UNGUARDED_AVAILABILITY = YES_AGGRESSIVE;
				CLANG_WARN_UNREACHABLE_CODE = YES;
				CLANG_WARN__DUPLICATE_METHOD_MATCH = YES;
				COPY_PHASE_STRIP = NO;
				DEBUG_INFORMATION_FORMAT = dwarf;
				ENABLE_STRICT_OBJC_MSGSEND = YES;
				ENABLE_TESTABILITY = YES;
				GCC_C_LANGUAGE_STANDARD = gnu11;
				GCC_DYNAMIC_NO_PIC = NO;
				GCC_NO_COMMON_BLOCKS = YES;
				GCC_OPTIMIZATION_LEVEL = 0;
				GCC_PREPROCESSOR_DEFINITIONS = (
					"DEBUG=1",
					"$(inherited)",
				);
				GCC_WARN_64_TO_32_BIT_CONVERSION = YES;
				GCC_WARN_ABOUT_RETURN_TYPE = YES_ERROR;
				GCC_WARN_UNDECLARED_SELECTOR = YES;
				GCC_WARN_UNINITIALIZED_AUTOS = YES_AGGRESSIVE;
				GCC_WARN_UNUSED_FUNCTION = YES;
				GCC_WARN_UNUSED_VARIABLE = YES;
				IPHONEOS_DEPLOYMENT_TARGET = 16.4;
				MTL_ENABLE_DEBUG_INFO = INCLUDE_SOURCE;
				MTL_FAST_MATH = YES;
				ONLY_ACTIVE_ARCH = YES;
				SDKROOT = iphoneos;
				SWIFT_ACTIVE_COMPILATION_CONDITIONS = DEBUG;
				SWIFT_OPTIMIZATION_LEVEL = "-Onone";
			};
			name = Debug;
		};
		A26116C329E3F06600064284 /* Release */ = {
			isa = XCBuildConfiguration;
			buildSettings = {
				ALWAYS_SEARCH_USER_PATHS = NO;
				CLANG_ANALYZER_NONNULL = YES;
				CLANG_ANALYZER_NUMBER_OBJECT_CONVERSION = YES_AGGRESSIVE;
				CLANG_CXX_LANGUAGE_STANDARD = "gnu++20";
				CLANG_ENABLE_MODULES = YES;
				CLANG_ENABLE_OBJC_ARC = YES;
				CLANG_ENABLE_OBJC_WEAK = YES;
				CLANG_WARN_BLOCK_CAPTURE_AUTORELEASING = YES;
				CLANG_WARN_BOOL_CONVERSION = YES;
				CLANG_WARN_COMMA = YES;
				CLANG_WARN_CONSTANT_CONVERSION = YES;
				CLANG_WARN_DEPRECATED_OBJC_IMPLEMENTATIONS = YES;
				CLANG_WARN_DIRECT_OBJC_ISA_USAGE = YES_ERROR;
				CLANG_WARN_DOCUMENTATION_COMMENTS = YES;
				CLANG_WARN_EMPTY_BODY = YES;
				CLANG_WARN_ENUM_CONVERSION = YES;
				CLANG_WARN_INFINITE_RECURSION = YES;
				CLANG_WARN_INT_CONVERSION = YES;
				CLANG_WARN_NON_LITERAL_NULL_CONVERSION = YES;
				CLANG_WARN_OBJC_IMPLICIT_RETAIN_SELF = YES;
				CLANG_WARN_OBJC_LITERAL_CONVERSION = YES;
				CLANG_WARN_OBJC_ROOT_CLASS = YES_ERROR;
				CLANG_WARN_QUOTED_INCLUDE_IN_FRAMEWORK_HEADER = YES;
				CLANG_WARN_RANGE_LOOP_ANALYSIS = YES;
				CLANG_WARN_STRICT_PROTOTYPES = YES;
				CLANG_WARN_SUSPICIOUS_MOVE = YES;
				CLANG_WARN_UNGUARDED_AVAILABILITY = YES_AGGRESSIVE;
				CLANG_WARN_UNREACHABLE_CODE = YES;
				CLANG_WARN__DUPLICATE_METHOD_MATCH = YES;
				COPY_PHASE_STRIP = NO;
				DEBUG_INFORMATION_FORMAT = "dwarf-with-dsym";
				ENABLE_NS_ASSERTIONS = NO;
				ENABLE_STRICT_OBJC_MSGSEND = YES;
				GCC_C_LANGUAGE_STANDARD = gnu11;
				GCC_NO_COMMON_BLOCKS = YES;
				GCC_WARN_64_TO_32_BIT_CONVERSION = YES;
				GCC_WARN_ABOUT_RETURN_TYPE = YES_ERROR;
				GCC_WARN_UNDECLARED_SELECTOR = YES;
				GCC_WARN_UNINITIALIZED_AUTOS = YES_AGGRESSIVE;
				GCC_WARN_UNUSED_FUNCTION = YES;
				GCC_WARN_UNUSED_VARIABLE = YES;
				IPHONEOS_DEPLOYMENT_TARGET = 16.4;
				MTL_ENABLE_DEBUG_INFO = NO;
				MTL_FAST_MATH = YES;
				SDKROOT = iphoneos;
				SWIFT_COMPILATION_MODE = wholemodule;
				SWIFT_OPTIMIZATION_LEVEL = "-O";
				VALIDATE_PRODUCT = YES;
			};
			name = Release;
		};
		A26116C529E3F06600064284 /* Debug */ = {
			isa = XCBuildConfiguration;
			buildSettings = {
				ASSETCATALOG_COMPILER_APPICON_NAME = AppIcon;
				ASSETCATALOG_COMPILER_GLOBAL_ACCENT_COLOR_NAME = AccentColor;
				CODE_SIGN_STYLE = Automatic;
				CURRENT_PROJECT_VERSION = 1;
				DEVELOPMENT_ASSET_PATHS = "\"Whisper/Preview Content\"";
				ENABLE_PREVIEWS = YES;
				GENERATE_INFOPLIST_FILE = YES;
				INFOPLIST_KEY_UIApplicationSceneManifest_Generation = YES;
				INFOPLIST_KEY_UIApplicationSupportsIndirectInputEvents = YES;
				INFOPLIST_KEY_UILaunchScreen_Generation = YES;
				INFOPLIST_KEY_UISupportedInterfaceOrientations_iPad = "UIInterfaceOrientationPortrait UIInterfaceOrientationPortraitUpsideDown UIInterfaceOrientationLandscapeLeft UIInterfaceOrientationLandscapeRight";
				INFOPLIST_KEY_UISupportedInterfaceOrientations_iPhone = "UIInterfaceOrientationPortrait UIInterfaceOrientationLandscapeLeft UIInterfaceOrientationLandscapeRight";
				LD_RUNPATH_SEARCH_PATHS = (
					"$(inherited)",
					"@executable_path/Frameworks",
				);
				MARKETING_VERSION = 1.0;
				PRODUCT_BUNDLE_IDENTIFIER = com.whisper.Whisper;
				PRODUCT_NAME = "$(TARGET_NAME)";
				SWIFT_EMIT_LOC_STRINGS = YES;
				SWIFT_VERSION = 5.0;
				TARGETED_DEVICE_FAMILY = "1,2";
			};
			name = Debug;
		};
		A26116C629E3F06600064284 /* Release */ = {
			isa = XCBuildConfiguration;
			buildSettings = {
				ASSETCATALOG_COMPILER_APPICON_NAME = AppIcon;
				ASSETCATALOG_COMPILER_GLOBAL_ACCENT_COLOR_NAME = AccentColor;
				CODE_SIGN_STYLE = Automatic;
				CURRENT_PROJECT_VERSION = 1;
				DEVELOPMENT_ASSET_PATHS = "\"Whisper/Preview Content\"";
				ENABLE_PREVIEWS = YES;
				GENERATE_INFOPLIST_FILE = YES;
				INFOPLIST_KEY_UIApplicationSceneManifest_Generation = YES;
				INFOPLIST_KEY_UIApplicationSupportsIndirectInputEvents = YES;
				INFOPLIST_KEY_UILaunchScreen_Generation = YES;
				INFOPLIST_KEY_UISupportedInterfaceOrientations_iPad = "UIInterfaceOrientationPortrait UIInterfaceOrientationPortraitUpsideDown UIInterfaceOrientationLandscapeLeft UIInterfaceOrientationLandscapeRight";
				INFOPLIST_KEY_UISupportedInterfaceOrientations_iPhone = "UIInterfaceOrientationPortrait UIInterfaceOrientationLandscapeLeft UIInterfaceOrientationLandscapeRight";
				LD_RUNPATH_SEARCH_PATHS = (
					"$(inherited)",
					"@executable_path/Frameworks",
				);
				MARKETING_VERSION = 1.0;
				PRODUCT_BUNDLE_IDENTIFIER = com.whisper.Whisper;
				PRODUCT_NAME = "$(TARGET_NAME)";
				SWIFT_EMIT_LOC_STRINGS = YES;
				SWIFT_VERSION = 5.0;
				TARGETED_DEVICE_FAMILY = "1,2";
			};
			name = Release;
		};
		A26116C829E3F06600064284 /* Debug */ = {
			isa = XCBuildConfiguration;
			buildSettings = {
				ALWAYS_EMBED_SWIFT_STANDARD_LIBRARIES = YES;
				BUNDLE_LOADER = "$(TEST_HOST)";
				CODE_SIGN_STYLE = Automatic;
				CURRENT_PROJECT_VERSION = 1;
				GENERATE_INFOPLIST_FILE = YES;
				IPHONEOS_DEPLOYMENT_TARGET = 16.4;
				MARKETING_VERSION = 1.0;
				PRODUCT_BUNDLE_IDENTIFIER = com.whisper.WhisperTests;
				PRODUCT_NAME = "$(TARGET_NAME)";
				SWIFT_EMIT_LOC_STRINGS = NO;
				SWIFT_VERSION = 5.0;
				TARGETED_DEVICE_FAMILY = "1,2";
				TEST_HOST = "$(BUILT_PRODUCTS_DIR)/Whisper.app/$(BUNDLE_EXECUTABLE_FOLDER_PATH)/Whisper";
			};
			name = Debug;
		};
		A26116C929E3F06600064284 /* Release */ = {
			isa = XCBuildConfiguration;
			buildSettings = {
				ALWAYS_EMBED_SWIFT_STANDARD_LIBRARIES = YES;
				BUNDLE_LOADER = "$(TEST_HOST)";
				CODE_SIGN_STYLE = Automatic;
				CURRENT_PROJECT_VERSION = 1;
				GENERATE_INFOPLIST_FILE = YES;
				IPHONEOS_DEPLOYMENT_TARGET = 16.4;
				MARKETING_VERSION = 1.0;
				PRODUCT_BUNDLE_IDENTIFIER = com.whisper.WhisperTests;
				PRODUCT_NAME = "$(TARGET_NAME)";
				SWIFT_EMIT_LOC_STRINGS = NO;
				SWIFT_VERSION = 5.0;
				TARGETED_DEVICE_FAMILY = "1,2";
				TEST_HOST = "$(BUILT_PRODUCTS_DIR)/Whisper.app/$(BUNDLE_EXECUTABLE_FOLDER_PATH)/Whisper";
			};
			name = Release;
		};
		A26116CB29E3F06600064284 /* Debug */ = {
			isa = XCBuildConfiguration;
			buildSettings = {
				ALWAYS_EMBED_SWIFT_STANDARD_LIBRARIES = YES;
				CODE_SIGN_STYLE = Automatic;
				CURRENT_PROJECT_VERSION = 1;
				GENERATE_INFOPLIST_FILE = YES;
				MARKETING_VERSION = 1.0;
				PRODUCT_BUNDLE_IDENTIFIER = com.whisper.WhisperUITests;
				PRODUCT_NAME = "$(TARGET_NAME)";
				SWIFT_EMIT_LOC_STRINGS = NO;
				SWIFT_VERSION = 5.0;
				TARGETED_DEVICE_FAMILY = "1,2";
				TEST_TARGET_NAME = Whisper;
			};
			name = Debug;
		};
		A26116CC29E3F06600064284 /* Release */ = {
			isa = XCBuildConfiguration;
			buildSettings = {
				ALWAYS_EMBED_SWIFT_STANDARD_LIBRARIES = YES;
				CODE_SIGN_STYLE = Automatic;
				CURRENT_PROJECT_VERSION = 1;
				GENERATE_INFOPLIST_FILE = YES;
				MARKETING_VERSION = 1.0;
				PRODUCT_BUNDLE_IDENTIFIER = com.whisper.WhisperUITests;
				PRODUCT_NAME = "$(TARGET_NAME)";
				SWIFT_EMIT_LOC_STRINGS = NO;
				SWIFT_VERSION = 5.0;
				TARGETED_DEVICE_FAMILY = "1,2";
				TEST_TARGET_NAME = Whisper;
			};
			name = Release;
		};
/* End XCBuildConfiguration section */

/* Begin XCConfigurationList section */
		A261169529E3F06400064284 /* Build configuration list for PBXProject "Whisper" */ = {
			isa = XCConfigurationList;
			buildConfigurations = (
				A26116C229E3F06600064284 /* Debug */,
				A26116C329E3F06600064284 /* Release */,
			);
			defaultConfigurationIsVisible = 0;
			defaultConfigurationName = Release;
		};
		A26116C429E3F06600064284 /* Build configuration list for PBXNativeTarget "Whisper" */ = {
			isa = XCConfigurationList;
			buildConfigurations = (
				A26116C529E3F06600064284 /* Debug */,
				A26116C629E3F06600064284 /* Release */,
			);
			defaultConfigurationIsVisible = 0;
			defaultConfigurationName = Release;
		};
		A26116C729E3F06600064284 /* Build configuration list for PBXNativeTarget "WhisperTests" */ = {
			isa = XCConfigurationList;
			buildConfigurations = (
				A26116C829E3F06600064284 /* Debug */,
				A26116C929E3F06600064284 /* Release */,
			);
			defaultConfigurationIsVisible = 0;
			defaultConfigurationName = Release;
		};
		A26116CA29E3F06600064284 /* Build configuration list for PBXNativeTarget "WhisperUITests" */ = {
			isa = XCConfigurationList;
			buildConfigurations = (
				A26116CB29E3F06600064284 /* Debug */,
				A26116CC29E3F06600064284 /* Release */,
			);
			defaultConfigurationIsVisible = 0;
			defaultConfigurationName = Release;
		};
/* End XCConfigurationList section */

/* Begin XCVersionGroup section */
		A26116A829E3F06500064284 /* Whisper.xcdatamodeld */ = {
			isa = XCVersionGroup;
			children = (
				A26116A929E3F06500064284 /* Whisper.xcdatamodel */,
			);
			currentVersion = A26116A929E3F06500064284 /* Whisper.xcdatamodel */;
			path = Whisper.xcdatamodeld;
			sourceTree = "<group>";
			versionGroupType = wrapper.xcdatamodel;
		};
/* End XCVersionGroup section */
	};
	rootObject = A261169229E3F06400064284 /* Project object */;
}
